
Microsoft Visual Studio Solution File, Format Version 12.00
# Visual Studio Version 17
VisualStudioVersion = 17.4.33213.308
MinimumVisualStudioVersion = 10.0.40219.1
Project("{FAE04EC0-301F-11D3-BF4B-00C04F79EFBC}") = "RCIS_EP_2_3", "RCIS_EP_2_3\RCIS_EP_2_3.csproj", "{6F95EDB8-1E2C-4078-8E73-38F2823FAC5C}"
EndProject
Global
	GlobalSection(SolutionConfigurationPlatforms) = preSolution
		Debug|Any CPU = Debug|Any CPU
		Release|Any CPU = Release|Any CPU
	EndGlobalSection
	GlobalSection(ProjectConfigurationPlatforms) = postSolution
		{6F95EDB8-1E2C-4078-8E73-38F2823FAC5C}.Debug|Any CPU.ActiveCfg = Debug|Any CPU
		{6F95EDB8-1E2C-4078-8E73-38F2823FAC5C}.Debug|Any CPU.Build.0 = Debug|Any CPU
		{6F95EDB8-1E2C-4078-8E73-38F2823FAC5C}.Release|Any CPU.ActiveCfg = Release|Any CPU
		{6F95EDB8-1E2C-4078-8E73-38F2823FAC5C}.Release|Any CPU.Build.0 = Release|Any CPU
	EndGlobalSection
	GlobalSection(SolutionProperties) = preSolution
		HideSolutionNode = FALSE
	EndGlobalSection
	GlobalSection(ExtensibilityGlobals) = postSolution
		SolutionGuid = {22978EFF-FE27-4F4D-84F8-C0BEBC4922DE}
	EndGlobalSection
EndGlobal
